// !$*UTF8*$!
{
	archiveVersion = 1;
	classes = {
	};
	objectVersion = 46;
	objects = {

/* Begin PBXBuildFile section */
		1D60589F0D05DD5A006BFB54 /* Foundation.framework in Frameworks */ = {isa = PBXBuildFile; fileRef = 1D30AB110D05D00D00671497 /* Foundation.framework */; };
		1DF5F4E00D08C38300B7A737 /* UIKit.framework in Frameworks */ = {isa = PBXBuildFile; fileRef = 1DF5F4DF0D08C38300B7A737 /* UIKit.framework */; };
		288765FD0DF74451002DB57D /* CoreGraphics.framework in Frameworks */ = {isa = PBXBuildFile; fileRef = 288765FC0DF74451002DB57D /* CoreGraphics.framework */; };
		46742BA5153FAC0800765481 /* .gitignore in Resources */ = {isa = PBXBuildFile; fileRef = 46742B25153FAC0800765481 /* .gitignore */; };
		46742BA6153FAC0800765481 /* CHANGELOG in Resources */ = {isa = PBXBuildFile; fileRef = 46742B26153FAC0800765481 /* CHANGELOG */; };
		46742BA7153FAC0800765481 /* interface_sketch.txt in Resources */ = {isa = PBXBuildFile; fileRef = 46742B28153FAC0800765481 /* interface_sketch.txt */; };
		46742BA8153FAC0800765481 /* install.xml in Resources */ = {isa = PBXBuildFile; fileRef = 46742B29153FAC0800765481 /* install.xml */; };
		46742BA9153FAC0800765481 /* LICENSE.txt in Resources */ = {isa = PBXBuildFile; fileRef = 46742B2A153FAC0800765481 /* LICENSE.txt */; };
		46742BAA153FAC0800765481 /* README.markdown in Resources */ = {isa = PBXBuildFile; fileRef = 46742B2B153FAC0800765481 /* README.markdown */; };
		46742BAB153FAC0800765481 /* update_libpd.sh in Resources */ = {isa = PBXBuildFile; fileRef = 46742B2D153FAC0800765481 /* update_libpd.sh */; };
		46742BAC153FAC0800765481 /* ofxPd.cpp in Sources */ = {isa = PBXBuildFile; fileRef = 46742B2F153FAC0800765481 /* ofxPd.cpp */; };
		46742BAD153FAC0800765481 /* LICENSE.txt in Resources */ = {isa = PBXBuildFile; fileRef = 46742B33153FAC0800765481 /* LICENSE.txt */; };
		46742BAE153FAC0800765481 /* PdBase.cpp in Sources */ = {isa = PBXBuildFile; fileRef = 46742B34153FAC0800765481 /* PdBase.cpp */; };
		46742BAF153FAC0800765481 /* PdTypes.cpp in Sources */ = {isa = PBXBuildFile; fileRef = 46742B38153FAC0800765481 /* PdTypes.cpp */; };
		46742BB0153FAC0800765481 /* s_libpdmidi.c in Sources */ = {isa = PBXBuildFile; fileRef = 46742B3B153FAC0800765481 /* s_libpdmidi.c */; };
		46742BB1153FAC0800765481 /* x_libpdreceive.c in Sources */ = {isa = PBXBuildFile; fileRef = 46742B3C153FAC0800765481 /* x_libpdreceive.c */; };
		46742BB2153FAC0800765481 /* z_libpd.c in Sources */ = {isa = PBXBuildFile; fileRef = 46742B3E153FAC0800765481 /* z_libpd.c */; };
		46742BB3153FAC0800765481 /* LICENSE.txt in Resources */ = {isa = PBXBuildFile; fileRef = 46742B40153FAC0800765481 /* LICENSE.txt */; };
		46742BB4153FAC0800765481 /* choice-help.pd in Resources */ = {isa = PBXBuildFile; fileRef = 46742B44153FAC0800765481 /* choice-help.pd */; };
		46742BB5153FAC0800765481 /* choice.c in Sources */ = {isa = PBXBuildFile; fileRef = 46742B45153FAC0800765481 /* choice.c */; };
		46742BB6153FAC0800765481 /* complex-mod~-help.pd in Resources */ = {isa = PBXBuildFile; fileRef = 46742B46153FAC0800765481 /* complex-mod~-help.pd */; };
		46742BB7153FAC0800765481 /* complex-mod~.pd in Resources */ = {isa = PBXBuildFile; fileRef = 46742B47153FAC0800765481 /* complex-mod~.pd */; };
		46742BB8153FAC0800765481 /* expr-help.pd in Resources */ = {isa = PBXBuildFile; fileRef = 46742B48153FAC0800765481 /* expr-help.pd */; };
		46742BB9153FAC0800765481 /* hilbert~-help.pd in Resources */ = {isa = PBXBuildFile; fileRef = 46742B49153FAC0800765481 /* hilbert~-help.pd */; };
		46742BBA153FAC0800765481 /* hilbert~.pd in Resources */ = {isa = PBXBuildFile; fileRef = 46742B4A153FAC0800765481 /* hilbert~.pd */; };
		46742BBB153FAC0800765481 /* pique-help.pd in Resources */ = {isa = PBXBuildFile; fileRef = 46742B4C153FAC0800765481 /* pique-help.pd */; };
		46742BBC153FAC0800765481 /* pique.c in Sources */ = {isa = PBXBuildFile; fileRef = 46742B4D153FAC0800765481 /* pique.c */; };
		46742BBD153FAC0800765481 /* README.txt in Resources */ = {isa = PBXBuildFile; fileRef = 46742B4E153FAC0800765481 /* README.txt */; };
		46742BBE153FAC0800765481 /* rev1-final.pd in Resources */ = {isa = PBXBuildFile; fileRef = 46742B4F153FAC0800765481 /* rev1-final.pd */; };
		46742BBF153FAC0800765481 /* rev1-stage.pd in Resources */ = {isa = PBXBuildFile; fileRef = 46742B50153FAC0800765481 /* rev1-stage.pd */; };
		46742BC0153FAC0800765481 /* rev1~-help.pd in Resources */ = {isa = PBXBuildFile; fileRef = 46742B51153FAC0800765481 /* rev1~-help.pd */; };
		46742BC1153FAC0800765481 /* rev1~.pd in Resources */ = {isa = PBXBuildFile; fileRef = 46742B52153FAC0800765481 /* rev1~.pd */; };
		46742BC2153FAC0800765481 /* rev2~-help.pd in Resources */ = {isa = PBXBuildFile; fileRef = 46742B53153FAC0800765481 /* rev2~-help.pd */; };
		46742BC3153FAC0800765481 /* rev2~.pd in Resources */ = {isa = PBXBuildFile; fileRef = 46742B54153FAC0800765481 /* rev2~.pd */; };
		46742BC4153FAC0800765481 /* rev3~-help.pd in Resources */ = {isa = PBXBuildFile; fileRef = 46742B55153FAC0800765481 /* rev3~-help.pd */; };
		46742BC5153FAC0800765481 /* rev3~.pd in Resources */ = {isa = PBXBuildFile; fileRef = 46742B56153FAC0800765481 /* rev3~.pd */; };
		46742BC6153FAC0800765481 /* stdout-help.pd in Resources */ = {isa = PBXBuildFile; fileRef = 46742B58153FAC0800765481 /* stdout-help.pd */; };
		46742BC7153FAC0800765481 /* stdout.c in Sources */ = {isa = PBXBuildFile; fileRef = 46742B59153FAC0800765481 /* stdout.c */; };
		46742BC8153FAC0800765481 /* d_arithmetic.c in Sources */ = {isa = PBXBuildFile; fileRef = 46742B5B153FAC0800765481 /* d_arithmetic.c */; };
		46742BC9153FAC0800765481 /* d_array.c in Sources */ = {isa = PBXBuildFile; fileRef = 46742B5C153FAC0800765481 /* d_array.c */; };
		46742BCA153FAC0800765481 /* d_ctl.c in Sources */ = {isa = PBXBuildFile; fileRef = 46742B5D153FAC0800765481 /* d_ctl.c */; };
		46742BCB153FAC0800765481 /* d_dac.c in Sources */ = {isa = PBXBuildFile; fileRef = 46742B5E153FAC0800765481 /* d_dac.c */; };
		46742BCC153FAC0800765481 /* d_delay.c in Sources */ = {isa = PBXBuildFile; fileRef = 46742B5F153FAC0800765481 /* d_delay.c */; };
		46742BCD153FAC0800765481 /* d_fft.c in Sources */ = {isa = PBXBuildFile; fileRef = 46742B60153FAC0800765481 /* d_fft.c */; };
		46742BCE153FAC0800765481 /* d_fft_mayer.c in Sources */ = {isa = PBXBuildFile; fileRef = 46742B61153FAC0800765481 /* d_fft_mayer.c */; };
		46742BCF153FAC0800765481 /* d_fftroutine.c in Sources */ = {isa = PBXBuildFile; fileRef = 46742B62153FAC0800765481 /* d_fftroutine.c */; };
		46742BD0153FAC0800765481 /* d_filter.c in Sources */ = {isa = PBXBuildFile; fileRef = 46742B63153FAC0800765481 /* d_filter.c */; };
		46742BD1153FAC0800765481 /* d_global.c in Sources */ = {isa = PBXBuildFile; fileRef = 46742B64153FAC0800765481 /* d_global.c */; };
		46742BD2153FAC0800765481 /* d_math.c in Sources */ = {isa = PBXBuildFile; fileRef = 46742B65153FAC0800765481 /* d_math.c */; };
		46742BD3153FAC0800765481 /* d_misc.c in Sources */ = {isa = PBXBuildFile; fileRef = 46742B66153FAC0800765481 /* d_misc.c */; };
		46742BD4153FAC0800765481 /* d_osc.c in Sources */ = {isa = PBXBuildFile; fileRef = 46742B67153FAC0800765481 /* d_osc.c */; };
		46742BD5153FAC0800765481 /* d_resample.c in Sources */ = {isa = PBXBuildFile; fileRef = 46742B68153FAC0800765481 /* d_resample.c */; };
		46742BD6153FAC0800765481 /* d_soundfile.c in Sources */ = {isa = PBXBuildFile; fileRef = 46742B69153FAC0800765481 /* d_soundfile.c */; };
		46742BD7153FAC0800765481 /* d_ugen.c in Sources */ = {isa = PBXBuildFile; fileRef = 46742B6A153FAC0800765481 /* d_ugen.c */; };
		46742BD8153FAC0800765481 /* g_all_guis.c in Sources */ = {isa = PBXBuildFile; fileRef = 46742B6B153FAC0800765481 /* g_all_guis.c */; };
		46742BD9153FAC0800765481 /* g_array.c in Sources */ = {isa = PBXBuildFile; fileRef = 46742B6D153FAC0800765481 /* g_array.c */; };
		46742BDA153FAC0800765481 /* g_bang.c in Sources */ = {isa = PBXBuildFile; fileRef = 46742B6E153FAC0800765481 /* g_bang.c */; };
		46742BDB153FAC0800765481 /* g_canvas.c in Sources */ = {isa = PBXBuildFile; fileRef = 46742B6F153FAC0800765481 /* g_canvas.c */; };
		46742BDC153FAC0800765481 /* g_editor.c in Sources */ = {isa = PBXBuildFile; fileRef = 46742B71153FAC0800765481 /* g_editor.c */; };
		46742BDD153FAC0800765481 /* g_graph.c in Sources */ = {isa = PBXBuildFile; fileRef = 46742B72153FAC0800765481 /* g_graph.c */; };
		46742BDE153FAC0800765481 /* g_guiconnect.c in Sources */ = {isa = PBXBuildFile; fileRef = 46742B73153FAC0800765481 /* g_guiconnect.c */; };
		46742BDF153FAC0800765481 /* g_hdial.c in Sources */ = {isa = PBXBuildFile; fileRef = 46742B74153FAC0800765481 /* g_hdial.c */; };
		46742BE0153FAC0800765481 /* g_hslider.c in Sources */ = {isa = PBXBuildFile; fileRef = 46742B75153FAC0800765481 /* g_hslider.c */; };
		46742BE1153FAC0800765481 /* g_io.c in Sources */ = {isa = PBXBuildFile; fileRef = 46742B76153FAC0800765481 /* g_io.c */; };
		46742BE2153FAC0800765481 /* g_mycanvas.c in Sources */ = {isa = PBXBuildFile; fileRef = 46742B77153FAC0800765481 /* g_mycanvas.c */; };
		46742BE3153FAC0800765481 /* g_numbox.c in Sources */ = {isa = PBXBuildFile; fileRef = 46742B78153FAC0800765481 /* g_numbox.c */; };
		46742BE4153FAC0800765481 /* g_readwrite.c in Sources */ = {isa = PBXBuildFile; fileRef = 46742B79153FAC0800765481 /* g_readwrite.c */; };
		46742BE5153FAC0800765481 /* g_rtext.c in Sources */ = {isa = PBXBuildFile; fileRef = 46742B7A153FAC0800765481 /* g_rtext.c */; };
		46742BE6153FAC0800765481 /* g_scalar.c in Sources */ = {isa = PBXBuildFile; fileRef = 46742B7B153FAC0800765481 /* g_scalar.c */; };
		46742BE7153FAC0800765481 /* g_template.c in Sources */ = {isa = PBXBuildFile; fileRef = 46742B7C153FAC0800765481 /* g_template.c */; };
		46742BE8153FAC0800765481 /* g_text.c in Sources */ = {isa = PBXBuildFile; fileRef = 46742B7D153FAC0800765481 /* g_text.c */; };
		46742BE9153FAC0800765481 /* g_toggle.c in Sources */ = {isa = PBXBuildFile; fileRef = 46742B7E153FAC0800765481 /* g_toggle.c */; };
		46742BEA153FAC0800765481 /* g_traversal.c in Sources */ = {isa = PBXBuildFile; fileRef = 46742B7F153FAC0800765481 /* g_traversal.c */; };
		46742BEB153FAC0800765481 /* g_vdial.c in Sources */ = {isa = PBXBuildFile; fileRef = 46742B80153FAC0800765481 /* g_vdial.c */; };
		46742BEC153FAC0800765481 /* g_vslider.c in Sources */ = {isa = PBXBuildFile; fileRef = 46742B81153FAC0800765481 /* g_vslider.c */; };
		46742BED153FAC0800765481 /* g_vumeter.c in Sources */ = {isa = PBXBuildFile; fileRef = 46742B82153FAC0800765481 /* g_vumeter.c */; };
		46742BEE153FAC0800765481 /* m_atom.c in Sources */ = {isa = PBXBuildFile; fileRef = 46742B83153FAC0800765481 /* m_atom.c */; };
		46742BEF153FAC0800765481 /* m_binbuf.c in Sources */ = {isa = PBXBuildFile; fileRef = 46742B84153FAC0800765481 /* m_binbuf.c */; };
		46742BF0153FAC0800765481 /* m_class.c in Sources */ = {isa = PBXBuildFile; fileRef = 46742B85153FAC0800765481 /* m_class.c */; };
		46742BF1153FAC0800765481 /* m_conf.c in Sources */ = {isa = PBXBuildFile; fileRef = 46742B86153FAC0800765481 /* m_conf.c */; };
		46742BF2153FAC0800765481 /* m_glob.c in Sources */ = {isa = PBXBuildFile; fileRef = 46742B88153FAC0800765481 /* m_glob.c */; };
		46742BF3153FAC0800765481 /* m_memory.c in Sources */ = {isa = PBXBuildFile; fileRef = 46742B8A153FAC0800765481 /* m_memory.c */; };
		46742BF4153FAC0800765481 /* m_obj.c in Sources */ = {isa = PBXBuildFile; fileRef = 46742B8B153FAC0800765481 /* m_obj.c */; };
		46742BF5153FAC0800765481 /* m_pd.c in Sources */ = {isa = PBXBuildFile; fileRef = 46742B8C153FAC0800765481 /* m_pd.c */; };
		46742BF6153FAC0800765481 /* m_sched.c in Sources */ = {isa = PBXBuildFile; fileRef = 46742B8E153FAC0800765481 /* m_sched.c */; };
		46742BF7153FAC0800765481 /* s_audio.c in Sources */ = {isa = PBXBuildFile; fileRef = 46742B8F153FAC0800765481 /* s_audio.c */; };
		46742BF8153FAC0800765481 /* s_audio_dummy.c in Sources */ = {isa = PBXBuildFile; fileRef = 46742B90153FAC0800765481 /* s_audio_dummy.c */; };
		46742BF9153FAC0800765481 /* s_file.c in Sources */ = {isa = PBXBuildFile; fileRef = 46742B91153FAC0800765481 /* s_file.c */; };
		46742BFA153FAC0800765481 /* s_inter.c in Sources */ = {isa = PBXBuildFile; fileRef = 46742B92153FAC0800765481 /* s_inter.c */; };
		46742BFB153FAC0800765481 /* s_loader.c in Sources */ = {isa = PBXBuildFile; fileRef = 46742B93153FAC0800765481 /* s_loader.c */; };
		46742BFC153FAC0800765481 /* s_main.c in Sources */ = {isa = PBXBuildFile; fileRef = 46742B94153FAC0800765481 /* s_main.c */; };
		46742BFD153FAC0800765481 /* s_path.c in Sources */ = {isa = PBXBuildFile; fileRef = 46742B95153FAC0800765481 /* s_path.c */; };
		46742BFE153FAC0800765481 /* s_print.c in Sources */ = {isa = PBXBuildFile; fileRef = 46742B96153FAC0800765481 /* s_print.c */; };
		46742BFF153FAC0800765481 /* s_utf8.c in Sources */ = {isa = PBXBuildFile; fileRef = 46742B98153FAC0800765481 /* s_utf8.c */; };
		46742C00153FAC0800765481 /* x_acoustics.c in Sources */ = {isa = PBXBuildFile; fileRef = 46742B9A153FAC0800765481 /* x_acoustics.c */; };
		46742C01153FAC0800765481 /* x_arithmetic.c in Sources */ = {isa = PBXBuildFile; fileRef = 46742B9B153FAC0800765481 /* x_arithmetic.c */; };
		46742C02153FAC0800765481 /* x_connective.c in Sources */ = {isa = PBXBuildFile; fileRef = 46742B9C153FAC0800765481 /* x_connective.c */; };
		46742C03153FAC0800765481 /* x_gui.c in Sources */ = {isa = PBXBuildFile; fileRef = 46742B9D153FAC0800765481 /* x_gui.c */; };
		46742C04153FAC0800765481 /* x_interface.c in Sources */ = {isa = PBXBuildFile; fileRef = 46742B9E153FAC0800765481 /* x_interface.c */; };
		46742C05153FAC0800765481 /* x_list.c in Sources */ = {isa = PBXBuildFile; fileRef = 46742B9F153FAC0800765481 /* x_list.c */; };
		46742C06153FAC0800765481 /* x_midi.c in Sources */ = {isa = PBXBuildFile; fileRef = 46742BA0153FAC0800765481 /* x_midi.c */; };
		46742C07153FAC0800765481 /* x_misc.c in Sources */ = {isa = PBXBuildFile; fileRef = 46742BA1153FAC0800765481 /* x_misc.c */; };
		46742C08153FAC0800765481 /* x_net.c in Sources */ = {isa = PBXBuildFile; fileRef = 46742BA2153FAC0800765481 /* x_net.c */; };
		46742C09153FAC0800765481 /* x_qlist.c in Sources */ = {isa = PBXBuildFile; fileRef = 46742BA3153FAC0800765481 /* x_qlist.c */; };
		46742C0A153FAC0800765481 /* x_time.c in Sources */ = {isa = PBXBuildFile; fileRef = 46742BA4153FAC0800765481 /* x_time.c */; };
		46742C0D153FAC6E00765481 /* AppCore.cpp in Sources */ = {isa = PBXBuildFile; fileRef = 46742C0B153FAC6E00765481 /* AppCore.cpp */; };
		5326AEA810A23A0500278DE6 /* CoreLocation.framework in Frameworks */ = {isa = PBXBuildFile; fileRef = 5326AEA710A23A0500278DE6 /* CoreLocation.framework */; };
		53F323EB10A20EDB00E0DAE4 /* OpenAL.framework in Frameworks */ = {isa = PBXBuildFile; fileRef = 53F323EA10A20EDB00E0DAE4 /* OpenAL.framework */; };
		BB16EBD20F2B2A9500518274 /* OpenGLES.framework in Frameworks */ = {isa = PBXBuildFile; fileRef = BB16EBD10F2B2A9500518274 /* OpenGLES.framework */; };
		BB16EBD90F2B2AB500518274 /* QuartzCore.framework in Frameworks */ = {isa = PBXBuildFile; fileRef = BB16EBD80F2B2AB500518274 /* QuartzCore.framework */; };
		BB24DD8F10DA77E000E9C588 /* Default.png in Resources */ = {isa = PBXBuildFile; fileRef = BB24DD8C10DA77E000E9C588 /* Default.png */; };
		BB24DD9010DA77E000E9C588 /* Icon.png in Resources */ = {isa = PBXBuildFile; fileRef = BB24DD8D10DA77E000E9C588 /* Icon.png */; };
		BB24DDCA10DA781C00E9C588 /* ofxiphone-Info.plist in Resources */ = {isa = PBXBuildFile; fileRef = BB24DDC910DA781C00E9C588 /* ofxiphone-Info.plist */; };
		BBE5EAB80F49AD8400F28951 /* AudioToolbox.framework in Frameworks */ = {isa = PBXBuildFile; fileRef = BBE5EAB70F49AD8400F28951 /* AudioToolbox.framework */; };
		E41D3ED713B38FB500A75A5D /* Project.xcconfig in Resources */ = {isa = PBXBuildFile; fileRef = E41D3ED613B38FB500A75A5D /* Project.xcconfig */; };
		E41D3EE613B3906D00A75A5D /* CoreOF.xcconfig in Resources */ = {isa = PBXBuildFile; fileRef = E41D3EE513B3906D00A75A5D /* CoreOF.xcconfig */; };
		E41D400B13B39D2100A75A5D /* AVFoundation.framework in Frameworks */ = {isa = PBXBuildFile; fileRef = E41D400613B39D2100A75A5D /* AVFoundation.framework */; };
		E41D400C13B39D2100A75A5D /* CoreMedia.framework in Frameworks */ = {isa = PBXBuildFile; fileRef = E41D400713B39D2100A75A5D /* CoreMedia.framework */; };
		E41D400D13B39D2100A75A5D /* CoreVideo.framework in Frameworks */ = {isa = PBXBuildFile; fileRef = E41D400813B39D2100A75A5D /* CoreVideo.framework */; };
		E41D400E13B39D2100A75A5D /* MapKit.framework in Frameworks */ = {isa = PBXBuildFile; fileRef = E41D400913B39D2100A75A5D /* MapKit.framework */; };
		E41D421413B3A95300A75A5D /* libofxiPhone_iphoneos_Debug.a in Frameworks */ = {isa = PBXBuildFile; fileRef = E41D410213B3A0D800A75A5D /* libofxiPhone_iphoneos_Debug.a */; };
		E4A823A412561BE3002F86A2 /* CoreGraphics.framework in Frameworks */ = {isa = PBXBuildFile; fileRef = E4A823A312561BE3002F86A2 /* CoreGraphics.framework */; };
		E4D8936E11527B74007E1F53 /* main.mm in Sources */ = {isa = PBXBuildFile; fileRef = E4D8936B11527B74007E1F53 /* main.mm */; };
		E4D8936F11527B74007E1F53 /* testApp.mm in Sources */ = {isa = PBXBuildFile; fileRef = E4D8936D11527B74007E1F53 /* testApp.mm */; };
/* End PBXBuildFile section */

/* Begin PBXContainerItemProxy section */
		E41D410113B3A0D800A75A5D /* PBXContainerItemProxy */ = {
			isa = PBXContainerItemProxy;
			containerPortal = E41D40FD13B3A0D800A75A5D /* iPhone+OF Lib.xcodeproj */;
			proxyType = 2;
			remoteGlobalIDString = BB24DED610DA7A3F00E9C588;
			remoteInfo = "iPhone+OF Static Library";
		};
		E41D410313B3A11300A75A5D /* PBXContainerItemProxy */ = {
			isa = PBXContainerItemProxy;
			containerPortal = E41D40FD13B3A0D800A75A5D /* iPhone+OF Lib.xcodeproj */;
			proxyType = 1;
			remoteGlobalIDString = BB24DE5C10DA7A3F00E9C588;
			remoteInfo = "iPhone+OF Static Library";
		};
/* End PBXContainerItemProxy section */

/* Begin PBXFileReference section */
		1D30AB110D05D00D00671497 /* Foundation.framework */ = {isa = PBXFileReference; lastKnownFileType = wrapper.framework; name = Foundation.framework; path = System/Library/Frameworks/Foundation.framework; sourceTree = SDKROOT; };
		1D6058910D05DD3D006BFB54 /* iPadExample.app */ = {isa = PBXFileReference; explicitFileType = wrapper.application; includeInIndex = 0; path = iPadExample.app; sourceTree = BUILT_PRODUCTS_DIR; };
		1DF5F4DF0D08C38300B7A737 /* UIKit.framework */ = {isa = PBXFileReference; lastKnownFileType = wrapper.framework; name = UIKit.framework; path = System/Library/Frameworks/UIKit.framework; sourceTree = SDKROOT; };
		288765FC0DF74451002DB57D /* CoreGraphics.framework */ = {isa = PBXFileReference; lastKnownFileType = wrapper.framework; name = CoreGraphics.framework; path = System/Library/Frameworks/CoreGraphics.framework; sourceTree = SDKROOT; };
		32CA4F630368D1EE00C91783 /* iPhone_Prefix.pch */ = {isa = PBXFileReference; fileEncoding = 4; lastKnownFileType = sourcecode.c.h; path = iPhone_Prefix.pch; sourceTree = "<group>"; };
		46742B25153FAC0800765481 /* .gitignore */ = {isa = PBXFileReference; fileEncoding = 4; lastKnownFileType = text; path = .gitignore; sourceTree = "<group>"; };
		46742B26153FAC0800765481 /* CHANGELOG */ = {isa = PBXFileReference; fileEncoding = 4; lastKnownFileType = text; path = CHANGELOG; sourceTree = "<group>"; };
		46742B28153FAC0800765481 /* interface_sketch.txt */ = {isa = PBXFileReference; fileEncoding = 4; lastKnownFileType = text; path = interface_sketch.txt; sourceTree = "<group>"; };
		46742B29153FAC0800765481 /* install.xml */ = {isa = PBXFileReference; fileEncoding = 4; lastKnownFileType = text.xml; path = install.xml; sourceTree = "<group>"; };
		46742B2A153FAC0800765481 /* LICENSE.txt */ = {isa = PBXFileReference; fileEncoding = 4; lastKnownFileType = text; path = LICENSE.txt; sourceTree = "<group>"; };
		46742B2B153FAC0800765481 /* README.markdown */ = {isa = PBXFileReference; fileEncoding = 4; lastKnownFileType = text; path = README.markdown; sourceTree = "<group>"; };
		46742B2D153FAC0800765481 /* update_libpd.sh */ = {isa = PBXFileReference; fileEncoding = 4; lastKnownFileType = text.script.sh; path = update_libpd.sh; sourceTree = "<group>"; };
		46742B2F153FAC0800765481 /* ofxPd.cpp */ = {isa = PBXFileReference; fileEncoding = 4; lastKnownFileType = sourcecode.cpp.cpp; path = ofxPd.cpp; sourceTree = "<group>"; };
		46742B30153FAC0800765481 /* ofxPd.h */ = {isa = PBXFileReference; fileEncoding = 4; lastKnownFileType = sourcecode.c.h; path = ofxPd.h; sourceTree = "<group>"; };
		46742B33153FAC0800765481 /* LICENSE.txt */ = {isa = PBXFileReference; fileEncoding = 4; lastKnownFileType = text; path = LICENSE.txt; sourceTree = "<group>"; };
		46742B34153FAC0800765481 /* PdBase.cpp */ = {isa = PBXFileReference; fileEncoding = 4; lastKnownFileType = sourcecode.cpp.cpp; path = PdBase.cpp; sourceTree = "<group>"; };
		46742B35153FAC0800765481 /* PdBase.hpp */ = {isa = PBXFileReference; fileEncoding = 4; lastKnownFileType = sourcecode.cpp.h; path = PdBase.hpp; sourceTree = "<group>"; };
		46742B36153FAC0800765481 /* PdMidiReceiver.hpp */ = {isa = PBXFileReference; fileEncoding = 4; lastKnownFileType = sourcecode.cpp.h; path = PdMidiReceiver.hpp; sourceTree = "<group>"; };
		46742B37153FAC0800765481 /* PdReceiver.hpp */ = {isa = PBXFileReference; fileEncoding = 4; lastKnownFileType = sourcecode.cpp.h; path = PdReceiver.hpp; sourceTree = "<group>"; };
		46742B38153FAC0800765481 /* PdTypes.cpp */ = {isa = PBXFileReference; fileEncoding = 4; lastKnownFileType = sourcecode.cpp.cpp; path = PdTypes.cpp; sourceTree = "<group>"; };
		46742B39153FAC0800765481 /* PdTypes.hpp */ = {isa = PBXFileReference; fileEncoding = 4; lastKnownFileType = sourcecode.cpp.h; path = PdTypes.hpp; sourceTree = "<group>"; };
		46742B3B153FAC0800765481 /* s_libpdmidi.c */ = {isa = PBXFileReference; fileEncoding = 4; lastKnownFileType = sourcecode.c.c; path = s_libpdmidi.c; sourceTree = "<group>"; };
		46742B3C153FAC0800765481 /* x_libpdreceive.c */ = {isa = PBXFileReference; fileEncoding = 4; lastKnownFileType = sourcecode.c.c; path = x_libpdreceive.c; sourceTree = "<group>"; };
		46742B3D153FAC0800765481 /* x_libpdreceive.h */ = {isa = PBXFileReference; fileEncoding = 4; lastKnownFileType = sourcecode.c.h; path = x_libpdreceive.h; sourceTree = "<group>"; };
		46742B3E153FAC0800765481 /* z_libpd.c */ = {isa = PBXFileReference; fileEncoding = 4; lastKnownFileType = sourcecode.c.c; path = z_libpd.c; sourceTree = "<group>"; };
		46742B3F153FAC0800765481 /* z_libpd.h */ = {isa = PBXFileReference; fileEncoding = 4; lastKnownFileType = sourcecode.c.h; path = z_libpd.h; sourceTree = "<group>"; };
		46742B40153FAC0800765481 /* LICENSE.txt */ = {isa = PBXFileReference; fileEncoding = 4; lastKnownFileType = text; path = LICENSE.txt; sourceTree = "<group>"; };
		46742B44153FAC0800765481 /* choice-help.pd */ = {isa = PBXFileReference; fileEncoding = 4; lastKnownFileType = text; path = "choice-help.pd"; sourceTree = "<group>"; };
		46742B45153FAC0800765481 /* choice.c */ = {isa = PBXFileReference; fileEncoding = 4; lastKnownFileType = sourcecode.c.c; path = choice.c; sourceTree = "<group>"; };
		46742B46153FAC0800765481 /* complex-mod~-help.pd */ = {isa = PBXFileReference; fileEncoding = 4; lastKnownFileType = text; path = "complex-mod~-help.pd"; sourceTree = "<group>"; };
		46742B47153FAC0800765481 /* complex-mod~.pd */ = {isa = PBXFileReference; fileEncoding = 4; lastKnownFileType = text; path = "complex-mod~.pd"; sourceTree = "<group>"; };
		46742B48153FAC0800765481 /* expr-help.pd */ = {isa = PBXFileReference; fileEncoding = 4; lastKnownFileType = text; path = "expr-help.pd"; sourceTree = "<group>"; };
		46742B49153FAC0800765481 /* hilbert~-help.pd */ = {isa = PBXFileReference; fileEncoding = 4; lastKnownFileType = text; path = "hilbert~-help.pd"; sourceTree = "<group>"; };
		46742B4A153FAC0800765481 /* hilbert~.pd */ = {isa = PBXFileReference; fileEncoding = 4; lastKnownFileType = text; path = "hilbert~.pd"; sourceTree = "<group>"; };
		46742B4C153FAC0800765481 /* pique-help.pd */ = {isa = PBXFileReference; fileEncoding = 4; lastKnownFileType = text; path = "pique-help.pd"; sourceTree = "<group>"; };
		46742B4D153FAC0800765481 /* pique.c */ = {isa = PBXFileReference; fileEncoding = 4; lastKnownFileType = sourcecode.c.c; path = pique.c; sourceTree = "<group>"; };
		46742B4E153FAC0800765481 /* README.txt */ = {isa = PBXFileReference; fileEncoding = 4; lastKnownFileType = text; path = README.txt; sourceTree = "<group>"; };
		46742B4F153FAC0800765481 /* rev1-final.pd */ = {isa = PBXFileReference; fileEncoding = 4; lastKnownFileType = text; path = "rev1-final.pd"; sourceTree = "<group>"; };
		46742B50153FAC0800765481 /* rev1-stage.pd */ = {isa = PBXFileReference; fileEncoding = 4; lastKnownFileType = text; path = "rev1-stage.pd"; sourceTree = "<group>"; };
		46742B51153FAC0800765481 /* rev1~-help.pd */ = {isa = PBXFileReference; fileEncoding = 4; lastKnownFileType = text; path = "rev1~-help.pd"; sourceTree = "<group>"; };
		46742B52153FAC0800765481 /* rev1~.pd */ = {isa = PBXFileReference; fileEncoding = 4; lastKnownFileType = text; path = "rev1~.pd"; sourceTree = "<group>"; };
		46742B53153FAC0800765481 /* rev2~-help.pd */ = {isa = PBXFileReference; fileEncoding = 4; lastKnownFileType = text; path = "rev2~-help.pd"; sourceTree = "<group>"; };
		46742B54153FAC0800765481 /* rev2~.pd */ = {isa = PBXFileReference; fileEncoding = 4; lastKnownFileType = text; path = "rev2~.pd"; sourceTree = "<group>"; };
		46742B55153FAC0800765481 /* rev3~-help.pd */ = {isa = PBXFileReference; fileEncoding = 4; lastKnownFileType = text; path = "rev3~-help.pd"; sourceTree = "<group>"; };
		46742B56153FAC0800765481 /* rev3~.pd */ = {isa = PBXFileReference; fileEncoding = 4; lastKnownFileType = text; path = "rev3~.pd"; sourceTree = "<group>"; };
		46742B58153FAC0800765481 /* stdout-help.pd */ = {isa = PBXFileReference; fileEncoding = 4; lastKnownFileType = text; path = "stdout-help.pd"; sourceTree = "<group>"; };
		46742B59153FAC0800765481 /* stdout.c */ = {isa = PBXFileReference; fileEncoding = 4; lastKnownFileType = sourcecode.c.c; path = stdout.c; sourceTree = "<group>"; };
		46742B5B153FAC0800765481 /* d_arithmetic.c */ = {isa = PBXFileReference; fileEncoding = 4; lastKnownFileType = sourcecode.c.c; path = d_arithmetic.c; sourceTree = "<group>"; };
		46742B5C153FAC0800765481 /* d_array.c */ = {isa = PBXFileReference; fileEncoding = 4; lastKnownFileType = sourcecode.c.c; path = d_array.c; sourceTree = "<group>"; };
		46742B5D153FAC0800765481 /* d_ctl.c */ = {isa = PBXFileReference; fileEncoding = 4; lastKnownFileType = sourcecode.c.c; path = d_ctl.c; sourceTree = "<group>"; };
		46742B5E153FAC0800765481 /* d_dac.c */ = {isa = PBXFileReference; fileEncoding = 4; lastKnownFileType = sourcecode.c.c; path = d_dac.c; sourceTree = "<group>"; };
		46742B5F153FAC0800765481 /* d_delay.c */ = {isa = PBXFileReference; fileEncoding = 4; lastKnownFileType = sourcecode.c.c; path = d_delay.c; sourceTree = "<group>"; };
		46742B60153FAC0800765481 /* d_fft.c */ = {isa = PBXFileReference; fileEncoding = 4; lastKnownFileType = sourcecode.c.c; path = d_fft.c; sourceTree = "<group>"; };
		46742B61153FAC0800765481 /* d_fft_mayer.c */ = {isa = PBXFileReference; fileEncoding = 4; lastKnownFileType = sourcecode.c.c; path = d_fft_mayer.c; sourceTree = "<group>"; };
		46742B62153FAC0800765481 /* d_fftroutine.c */ = {isa = PBXFileReference; fileEncoding = 4; lastKnownFileType = sourcecode.c.c; path = d_fftroutine.c; sourceTree = "<group>"; };
		46742B63153FAC0800765481 /* d_filter.c */ = {isa = PBXFileReference; fileEncoding = 4; lastKnownFileType = sourcecode.c.c; path = d_filter.c; sourceTree = "<group>"; };
		46742B64153FAC0800765481 /* d_global.c */ = {isa = PBXFileReference; fileEncoding = 4; lastKnownFileType = sourcecode.c.c; path = d_global.c; sourceTree = "<group>"; };
		46742B65153FAC0800765481 /* d_math.c */ = {isa = PBXFileReference; fileEncoding = 4; lastKnownFileType = sourcecode.c.c; path = d_math.c; sourceTree = "<group>"; };
		46742B66153FAC0800765481 /* d_misc.c */ = {isa = PBXFileReference; fileEncoding = 4; lastKnownFileType = sourcecode.c.c; path = d_misc.c; sourceTree = "<group>"; };
		46742B67153FAC0800765481 /* d_osc.c */ = {isa = PBXFileReference; fileEncoding = 4; lastKnownFileType = sourcecode.c.c; path = d_osc.c; sourceTree = "<group>"; };
		46742B68153FAC0800765481 /* d_resample.c */ = {isa = PBXFileReference; fileEncoding = 4; lastKnownFileType = sourcecode.c.c; path = d_resample.c; sourceTree = "<group>"; };
		46742B69153FAC0800765481 /* d_soundfile.c */ = {isa = PBXFileReference; fileEncoding = 4; lastKnownFileType = sourcecode.c.c; path = d_soundfile.c; sourceTree = "<group>"; };
		46742B6A153FAC0800765481 /* d_ugen.c */ = {isa = PBXFileReference; fileEncoding = 4; lastKnownFileType = sourcecode.c.c; path = d_ugen.c; sourceTree = "<group>"; };
		46742B6B153FAC0800765481 /* g_all_guis.c */ = {isa = PBXFileReference; fileEncoding = 4; lastKnownFileType = sourcecode.c.c; path = g_all_guis.c; sourceTree = "<group>"; };
		46742B6C153FAC0800765481 /* g_all_guis.h */ = {isa = PBXFileReference; fileEncoding = 4; lastKnownFileType = sourcecode.c.h; path = g_all_guis.h; sourceTree = "<group>"; };
		46742B6D153FAC0800765481 /* g_array.c */ = {isa = PBXFileReference; fileEncoding = 4; lastKnownFileType = sourcecode.c.c; path = g_array.c; sourceTree = "<group>"; };
		46742B6E153FAC0800765481 /* g_bang.c */ = {isa = PBXFileReference; fileEncoding = 4; lastKnownFileType = sourcecode.c.c; path = g_bang.c; sourceTree = "<group>"; };
		46742B6F153FAC0800765481 /* g_canvas.c */ = {isa = PBXFileReference; fileEncoding = 4; lastKnownFileType = sourcecode.c.c; path = g_canvas.c; sourceTree = "<group>"; };
		46742B70153FAC0800765481 /* g_canvas.h */ = {isa = PBXFileReference; fileEncoding = 4; lastKnownFileType = sourcecode.c.h; path = g_canvas.h; sourceTree = "<group>"; };
		46742B71153FAC0800765481 /* g_editor.c */ = {isa = PBXFileReference; fileEncoding = 4; lastKnownFileType = sourcecode.c.c; path = g_editor.c; sourceTree = "<group>"; };
		46742B72153FAC0800765481 /* g_graph.c */ = {isa = PBXFileReference; fileEncoding = 4; lastKnownFileType = sourcecode.c.c; path = g_graph.c; sourceTree = "<group>"; };
		46742B73153FAC0800765481 /* g_guiconnect.c */ = {isa = PBXFileReference; fileEncoding = 4; lastKnownFileType = sourcecode.c.c; path = g_guiconnect.c; sourceTree = "<group>"; };
		46742B74153FAC0800765481 /* g_hdial.c */ = {isa = PBXFileReference; fileEncoding = 4; lastKnownFileType = sourcecode.c.c; path = g_hdial.c; sourceTree = "<group>"; };
		46742B75153FAC0800765481 /* g_hslider.c */ = {isa = PBXFileReference; fileEncoding = 4; lastKnownFileType = sourcecode.c.c; path = g_hslider.c; sourceTree = "<group>"; };
		46742B76153FAC0800765481 /* g_io.c */ = {isa = PBXFileReference; fileEncoding = 4; lastKnownFileType = sourcecode.c.c; path = g_io.c; sourceTree = "<group>"; };
		46742B77153FAC0800765481 /* g_mycanvas.c */ = {isa = PBXFileReference; fileEncoding = 4; lastKnownFileType = sourcecode.c.c; path = g_mycanvas.c; sourceTree = "<group>"; };
		46742B78153FAC0800765481 /* g_numbox.c */ = {isa = PBXFileReference; fileEncoding = 4; lastKnownFileType = sourcecode.c.c; path = g_numbox.c; sourceTree = "<group>"; };
		46742B79153FAC0800765481 /* g_readwrite.c */ = {isa = PBXFileReference; fileEncoding = 4; lastKnownFileType = sourcecode.c.c; path = g_readwrite.c; sourceTree = "<group>"; };
		46742B7A153FAC0800765481 /* g_rtext.c */ = {isa = PBXFileReference; fileEncoding = 4; lastKnownFileType = sourcecode.c.c; path = g_rtext.c; sourceTree = "<group>"; };
		46742B7B153FAC0800765481 /* g_scalar.c */ = {isa = PBXFileReference; fileEncoding = 4; lastKnownFileType = sourcecode.c.c; path = g_scalar.c; sourceTree = "<group>"; };
		46742B7C153FAC0800765481 /* g_template.c */ = {isa = PBXFileReference; fileEncoding = 4; lastKnownFileType = sourcecode.c.c; path = g_template.c; sourceTree = "<group>"; };
		46742B7D153FAC0800765481 /* g_text.c */ = {isa = PBXFileReference; fileEncoding = 4; lastKnownFileType = sourcecode.c.c; path = g_text.c; sourceTree = "<group>"; };
		46742B7E153FAC0800765481 /* g_toggle.c */ = {isa = PBXFileReference; fileEncoding = 4; lastKnownFileType = sourcecode.c.c; path = g_toggle.c; sourceTree = "<group>"; };
		46742B7F153FAC0800765481 /* g_traversal.c */ = {isa = PBXFileReference; fileEncoding = 4; lastKnownFileType = sourcecode.c.c; path = g_traversal.c; sourceTree = "<group>"; };
		46742B80153FAC0800765481 /* g_vdial.c */ = {isa = PBXFileReference; fileEncoding = 4; lastKnownFileType = sourcecode.c.c; path = g_vdial.c; sourceTree = "<group>"; };
		46742B81153FAC0800765481 /* g_vslider.c */ = {isa = PBXFileReference; fileEncoding = 4; lastKnownFileType = sourcecode.c.c; path = g_vslider.c; sourceTree = "<group>"; };
		46742B82153FAC0800765481 /* g_vumeter.c */ = {isa = PBXFileReference; fileEncoding = 4; lastKnownFileType = sourcecode.c.c; path = g_vumeter.c; sourceTree = "<group>"; };
		46742B83153FAC0800765481 /* m_atom.c */ = {isa = PBXFileReference; fileEncoding = 4; lastKnownFileType = sourcecode.c.c; path = m_atom.c; sourceTree = "<group>"; };
		46742B84153FAC0800765481 /* m_binbuf.c */ = {isa = PBXFileReference; fileEncoding = 4; lastKnownFileType = sourcecode.c.c; path = m_binbuf.c; sourceTree = "<group>"; };
		46742B85153FAC0800765481 /* m_class.c */ = {isa = PBXFileReference; fileEncoding = 4; lastKnownFileType = sourcecode.c.c; path = m_class.c; sourceTree = "<group>"; };
		46742B86153FAC0800765481 /* m_conf.c */ = {isa = PBXFileReference; fileEncoding = 4; lastKnownFileType = sourcecode.c.c; path = m_conf.c; sourceTree = "<group>"; };
		46742B87153FAC0800765481 /* m_fixed.h */ = {isa = PBXFileReference; fileEncoding = 4; lastKnownFileType = sourcecode.c.h; path = m_fixed.h; sourceTree = "<group>"; };
		46742B88153FAC0800765481 /* m_glob.c */ = {isa = PBXFileReference; fileEncoding = 4; lastKnownFileType = sourcecode.c.c; path = m_glob.c; sourceTree = "<group>"; };
		46742B89153FAC0800765481 /* m_imp.h */ = {isa = PBXFileReference; fileEncoding = 4; lastKnownFileType = sourcecode.c.h; path = m_imp.h; sourceTree = "<group>"; };
		46742B8A153FAC0800765481 /* m_memory.c */ = {isa = PBXFileReference; fileEncoding = 4; lastKnownFileType = sourcecode.c.c; path = m_memory.c; sourceTree = "<group>"; };
		46742B8B153FAC0800765481 /* m_obj.c */ = {isa = PBXFileReference; fileEncoding = 4; lastKnownFileType = sourcecode.c.c; path = m_obj.c; sourceTree = "<group>"; };
		46742B8C153FAC0800765481 /* m_pd.c */ = {isa = PBXFileReference; fileEncoding = 4; lastKnownFileType = sourcecode.c.c; path = m_pd.c; sourceTree = "<group>"; };
		46742B8D153FAC0800765481 /* m_pd.h */ = {isa = PBXFileReference; fileEncoding = 4; lastKnownFileType = sourcecode.c.h; path = m_pd.h; sourceTree = "<group>"; };
		46742B8E153FAC0800765481 /* m_sched.c */ = {isa = PBXFileReference; fileEncoding = 4; lastKnownFileType = sourcecode.c.c; path = m_sched.c; sourceTree = "<group>"; };
		46742B8F153FAC0800765481 /* s_audio.c */ = {isa = PBXFileReference; fileEncoding = 4; lastKnownFileType = sourcecode.c.c; path = s_audio.c; sourceTree = "<group>"; };
		46742B90153FAC0800765481 /* s_audio_dummy.c */ = {isa = PBXFileReference; fileEncoding = 4; lastKnownFileType = sourcecode.c.c; path = s_audio_dummy.c; sourceTree = "<group>"; };
		46742B91153FAC0800765481 /* s_file.c */ = {isa = PBXFileReference; fileEncoding = 4; lastKnownFileType = sourcecode.c.c; path = s_file.c; sourceTree = "<group>"; };
		46742B92153FAC0800765481 /* s_inter.c */ = {isa = PBXFileReference; fileEncoding = 4; lastKnownFileType = sourcecode.c.c; path = s_inter.c; sourceTree = "<group>"; };
		46742B93153FAC0800765481 /* s_loader.c */ = {isa = PBXFileReference; fileEncoding = 4; lastKnownFileType = sourcecode.c.c; path = s_loader.c; sourceTree = "<group>"; };
		46742B94153FAC0800765481 /* s_main.c */ = {isa = PBXFileReference; fileEncoding = 4; lastKnownFileType = sourcecode.c.c; path = s_main.c; sourceTree = "<group>"; };
		46742B95153FAC0800765481 /* s_path.c */ = {isa = PBXFileReference; fileEncoding = 4; lastKnownFileType = sourcecode.c.c; path = s_path.c; sourceTree = "<group>"; };
		46742B96153FAC0800765481 /* s_print.c */ = {isa = PBXFileReference; fileEncoding = 4; lastKnownFileType = sourcecode.c.c; path = s_print.c; sourceTree = "<group>"; };
		46742B97153FAC0800765481 /* s_stuff.h */ = {isa = PBXFileReference; fileEncoding = 4; lastKnownFileType = sourcecode.c.h; path = s_stuff.h; sourceTree = "<group>"; };
		46742B98153FAC0800765481 /* s_utf8.c */ = {isa = PBXFileReference; fileEncoding = 4; lastKnownFileType = sourcecode.c.c; path = s_utf8.c; sourceTree = "<group>"; };
		46742B99153FAC0800765481 /* s_utf8.h */ = {isa = PBXFileReference; fileEncoding = 4; lastKnownFileType = sourcecode.c.h; path = s_utf8.h; sourceTree = "<group>"; };
		46742B9A153FAC0800765481 /* x_acoustics.c */ = {isa = PBXFileReference; fileEncoding = 4; lastKnownFileType = sourcecode.c.c; path = x_acoustics.c; sourceTree = "<group>"; };
		46742B9B153FAC0800765481 /* x_arithmetic.c */ = {isa = PBXFileReference; fileEncoding = 4; lastKnownFileType = sourcecode.c.c; path = x_arithmetic.c; sourceTree = "<group>"; };
		46742B9C153FAC0800765481 /* x_connective.c */ = {isa = PBXFileReference; fileEncoding = 4; lastKnownFileType = sourcecode.c.c; path = x_connective.c; sourceTree = "<group>"; };
		46742B9D153FAC0800765481 /* x_gui.c */ = {isa = PBXFileReference; fileEncoding = 4; lastKnownFileType = sourcecode.c.c; path = x_gui.c; sourceTree = "<group>"; };
		46742B9E153FAC0800765481 /* x_interface.c */ = {isa = PBXFileReference; fileEncoding = 4; lastKnownFileType = sourcecode.c.c; path = x_interface.c; sourceTree = "<group>"; };
		46742B9F153FAC0800765481 /* x_list.c */ = {isa = PBXFileReference; fileEncoding = 4; lastKnownFileType = sourcecode.c.c; path = x_list.c; sourceTree = "<group>"; };
		46742BA0153FAC0800765481 /* x_midi.c */ = {isa = PBXFileReference; fileEncoding = 4; lastKnownFileType = sourcecode.c.c; path = x_midi.c; sourceTree = "<group>"; };
		46742BA1153FAC0800765481 /* x_misc.c */ = {isa = PBXFileReference; fileEncoding = 4; lastKnownFileType = sourcecode.c.c; path = x_misc.c; sourceTree = "<group>"; };
		46742BA2153FAC0800765481 /* x_net.c */ = {isa = PBXFileReference; fileEncoding = 4; lastKnownFileType = sourcecode.c.c; path = x_net.c; sourceTree = "<group>"; };
		46742BA3153FAC0800765481 /* x_qlist.c */ = {isa = PBXFileReference; fileEncoding = 4; lastKnownFileType = sourcecode.c.c; path = x_qlist.c; sourceTree = "<group>"; };
		46742BA4153FAC0800765481 /* x_time.c */ = {isa = PBXFileReference; fileEncoding = 4; lastKnownFileType = sourcecode.c.c; path = x_time.c; sourceTree = "<group>"; };
		46742C0B153FAC6E00765481 /* AppCore.cpp */ = {isa = PBXFileReference; fileEncoding = 4; lastKnownFileType = sourcecode.cpp.cpp; path = AppCore.cpp; sourceTree = "<group>"; };
		46742C0C153FAC6E00765481 /* AppCore.h */ = {isa = PBXFileReference; fileEncoding = 4; lastKnownFileType = sourcecode.c.h; path = AppCore.h; sourceTree = "<group>"; };
		5326AEA710A23A0500278DE6 /* CoreLocation.framework */ = {isa = PBXFileReference; lastKnownFileType = wrapper.framework; name = CoreLocation.framework; path = System/Library/Frameworks/CoreLocation.framework; sourceTree = SDKROOT; };
		53F323EA10A20EDB00E0DAE4 /* OpenAL.framework */ = {isa = PBXFileReference; lastKnownFileType = wrapper.framework; name = OpenAL.framework; path = System/Library/Frameworks/OpenAL.framework; sourceTree = SDKROOT; };
		BB16EBD10F2B2A9500518274 /* OpenGLES.framework */ = {isa = PBXFileReference; lastKnownFileType = wrapper.framework; name = OpenGLES.framework; path = System/Library/Frameworks/OpenGLES.framework; sourceTree = SDKROOT; };
		BB16EBD80F2B2AB500518274 /* QuartzCore.framework */ = {isa = PBXFileReference; lastKnownFileType = wrapper.framework; name = QuartzCore.framework; path = System/Library/Frameworks/QuartzCore.framework; sourceTree = SDKROOT; };
		BB24DD8C10DA77E000E9C588 /* Default.png */ = {isa = PBXFileReference; lastKnownFileType = image.png; path = Default.png; sourceTree = "<group>"; };
		BB24DD8D10DA77E000E9C588 /* Icon.png */ = {isa = PBXFileReference; lastKnownFileType = image.png; path = Icon.png; sourceTree = "<group>"; };
		BB24DDC910DA781C00E9C588 /* ofxiphone-Info.plist */ = {isa = PBXFileReference; fileEncoding = 4; lastKnownFileType = text.plist.xml; path = "ofxiphone-Info.plist"; sourceTree = "<group>"; };
		BBE5EAB70F49AD8400F28951 /* AudioToolbox.framework */ = {isa = PBXFileReference; lastKnownFileType = wrapper.framework; name = AudioToolbox.framework; path = System/Library/Frameworks/AudioToolbox.framework; sourceTree = SDKROOT; };
		E41D3ED613B38FB500A75A5D /* Project.xcconfig */ = {isa = PBXFileReference; fileEncoding = 4; lastKnownFileType = text.xcconfig; path = Project.xcconfig; sourceTree = "<group>"; };
		E41D3EE513B3906D00A75A5D /* CoreOF.xcconfig */ = {isa = PBXFileReference; fileEncoding = 4; lastKnownFileType = text.xcconfig; name = CoreOF.xcconfig; path = ../../../libs/openFrameworksCompiled/project/iphone/CoreOF.xcconfig; sourceTree = SOURCE_ROOT; };
		E41D400613B39D2100A75A5D /* AVFoundation.framework */ = {isa = PBXFileReference; lastKnownFileType = wrapper.framework; name = AVFoundation.framework; path = System/Library/Frameworks/AVFoundation.framework; sourceTree = SDKROOT; };
		E41D400713B39D2100A75A5D /* CoreMedia.framework */ = {isa = PBXFileReference; lastKnownFileType = wrapper.framework; name = CoreMedia.framework; path = System/Library/Frameworks/CoreMedia.framework; sourceTree = SDKROOT; };
		E41D400813B39D2100A75A5D /* CoreVideo.framework */ = {isa = PBXFileReference; lastKnownFileType = wrapper.framework; name = CoreVideo.framework; path = System/Library/Frameworks/CoreVideo.framework; sourceTree = SDKROOT; };
		E41D400913B39D2100A75A5D /* MapKit.framework */ = {isa = PBXFileReference; lastKnownFileType = wrapper.framework; name = MapKit.framework; path = System/Library/Frameworks/MapKit.framework; sourceTree = SDKROOT; };
		E41D40FD13B3A0D800A75A5D /* iPhone+OF Lib.xcodeproj */ = {isa = PBXFileReference; lastKnownFileType = "wrapper.pb-project"; name = "iPhone+OF Lib.xcodeproj"; path = "../../../libs/openFrameworksCompiled/project/iphone/iPhone+OF Lib.xcodeproj"; sourceTree = SOURCE_ROOT; };
		E4A823A312561BE3002F86A2 /* CoreGraphics.framework */ = {isa = PBXFileReference; lastKnownFileType = wrapper.framework; name = CoreGraphics.framework; path = System/Library/Frameworks/CoreGraphics.framework; sourceTree = SDKROOT; };
		E4D8936B11527B74007E1F53 /* main.mm */ = {isa = PBXFileReference; fileEncoding = 4; lastKnownFileType = sourcecode.cpp.objcpp; name = main.mm; path = src/main.mm; sourceTree = SOURCE_ROOT; };
		E4D8936C11527B74007E1F53 /* testApp.h */ = {isa = PBXFileReference; fileEncoding = 4; lastKnownFileType = sourcecode.c.h; name = testApp.h; path = src/testApp.h; sourceTree = SOURCE_ROOT; };
		E4D8936D11527B74007E1F53 /* testApp.mm */ = {isa = PBXFileReference; fileEncoding = 4; lastKnownFileType = sourcecode.cpp.objcpp; name = testApp.mm; path = src/testApp.mm; sourceTree = SOURCE_ROOT; };
/* End PBXFileReference section */

/* Begin PBXFrameworksBuildPhase section */
		1D60588F0D05DD3D006BFB54 /* Frameworks */ = {
			isa = PBXFrameworksBuildPhase;
			buildActionMask = 2147483647;
			files = (
				E41D421413B3A95300A75A5D /* libofxiPhone_iphoneos_Debug.a in Frameworks */,
				1D60589F0D05DD5A006BFB54 /* Foundation.framework in Frameworks */,
				1DF5F4E00D08C38300B7A737 /* UIKit.framework in Frameworks */,
				288765FD0DF74451002DB57D /* CoreGraphics.framework in Frameworks */,
				BB16EBD20F2B2A9500518274 /* OpenGLES.framework in Frameworks */,
				BB16EBD90F2B2AB500518274 /* QuartzCore.framework in Frameworks */,
				BBE5EAB80F49AD8400F28951 /* AudioToolbox.framework in Frameworks */,
				53F323EB10A20EDB00E0DAE4 /* OpenAL.framework in Frameworks */,
				5326AEA810A23A0500278DE6 /* CoreLocation.framework in Frameworks */,
				E4A823A412561BE3002F86A2 /* CoreGraphics.framework in Frameworks */,
				E41D400B13B39D2100A75A5D /* AVFoundation.framework in Frameworks */,
				E41D400C13B39D2100A75A5D /* CoreMedia.framework in Frameworks */,
				E41D400D13B39D2100A75A5D /* CoreVideo.framework in Frameworks */,
				E41D400E13B39D2100A75A5D /* MapKit.framework in Frameworks */,
			);
			runOnlyForDeploymentPostprocessing = 0;
		};
/* End PBXFrameworksBuildPhase section */

/* Begin PBXGroup section */
		19C28FACFE9D520D11CA2CBB /* Products */ = {
			isa = PBXGroup;
			children = (
				1D6058910D05DD3D006BFB54 /* iPadExample.app */,
			);
			name = Products;
			sourceTree = "<group>";
		};
		29B97314FDCFA39411CA2CEA /* CustomTemplate */ = {
			isa = PBXGroup;
			children = (
				E4D8936A11527B74007E1F53 /* src */,
				BB24DD8B10DA77E000E9C588 /* data */,
				BB24E1F710DAA51900E9C588 /* openFrameworks */,
				BB16F26B0F2B646B00518274 /* addons */,
				BB16E9930F2B1E5900518274 /* libs */,
				19C28FACFE9D520D11CA2CBB /* Products */,
			);
			name = CustomTemplate;
			sourceTree = "<group>";
		};
		29B97323FDCFA39411CA2CEA /* core frameworks */ = {
			isa = PBXGroup;
			children = (
				E41D400613B39D2100A75A5D /* AVFoundation.framework */,
				E41D400713B39D2100A75A5D /* CoreMedia.framework */,
				E41D400813B39D2100A75A5D /* CoreVideo.framework */,
				E41D400913B39D2100A75A5D /* MapKit.framework */,
				53F323EA10A20EDB00E0DAE4 /* OpenAL.framework */,
				E4A823A312561BE3002F86A2 /* CoreGraphics.framework */,
				BBE5EAB70F49AD8400F28951 /* AudioToolbox.framework */,
				BB16EBD80F2B2AB500518274 /* QuartzCore.framework */,
				BB16EBD10F2B2A9500518274 /* OpenGLES.framework */,
				1DF5F4DF0D08C38300B7A737 /* UIKit.framework */,
				1D30AB110D05D00D00671497 /* Foundation.framework */,
				288765FC0DF74451002DB57D /* CoreGraphics.framework */,
				5326AEA710A23A0500278DE6 /* CoreLocation.framework */,
			);
			name = "core frameworks";
			sourceTree = "<group>";
		};
		46742B24153FAC0800765481 /* ofxPd */ = {
			isa = PBXGroup;
			children = (
				46742B25153FAC0800765481 /* .gitignore */,
				46742B26153FAC0800765481 /* CHANGELOG */,
				46742B27153FAC0800765481 /* doc */,
				46742B29153FAC0800765481 /* install.xml */,
				46742B2A153FAC0800765481 /* LICENSE.txt */,
				46742B2B153FAC0800765481 /* README.markdown */,
				46742B2C153FAC0800765481 /* scripts */,
				46742B2E153FAC0800765481 /* src */,
			);
			name = ofxPd;
			path = ../../../addons/ofxPd;
			sourceTree = "<group>";
		};
		46742B27153FAC0800765481 /* doc */ = {
			isa = PBXGroup;
			children = (
				46742B28153FAC0800765481 /* interface_sketch.txt */,
			);
			path = doc;
			sourceTree = "<group>";
		};
		46742B2C153FAC0800765481 /* scripts */ = {
			isa = PBXGroup;
			children = (
				46742B2D153FAC0800765481 /* update_libpd.sh */,
			);
			path = scripts;
			sourceTree = "<group>";
		};
		46742B2E153FAC0800765481 /* src */ = {
			isa = PBXGroup;
			children = (
				46742B2F153FAC0800765481 /* ofxPd.cpp */,
				46742B30153FAC0800765481 /* ofxPd.h */,
				46742B31153FAC0800765481 /* pd */,
			);
			path = src;
			sourceTree = "<group>";
		};
		46742B31153FAC0800765481 /* pd */ = {
			isa = PBXGroup;
			children = (
				46742B32153FAC0800765481 /* cpp */,
				46742B3A153FAC0800765481 /* libpd_wrapper */,
				46742B40153FAC0800765481 /* LICENSE.txt */,
				46742B41153FAC0800765481 /* pure-data */,
			);
			path = pd;
			sourceTree = "<group>";
		};
		46742B32153FAC0800765481 /* cpp */ = {
			isa = PBXGroup;
			children = (
				46742B33153FAC0800765481 /* LICENSE.txt */,
				46742B34153FAC0800765481 /* PdBase.cpp */,
				46742B35153FAC0800765481 /* PdBase.hpp */,
				46742B36153FAC0800765481 /* PdMidiReceiver.hpp */,
				46742B37153FAC0800765481 /* PdReceiver.hpp */,
				46742B38153FAC0800765481 /* PdTypes.cpp */,
				46742B39153FAC0800765481 /* PdTypes.hpp */,
			);
			path = cpp;
			sourceTree = "<group>";
		};
		46742B3A153FAC0800765481 /* libpd_wrapper */ = {
			isa = PBXGroup;
			children = (
				46742B3B153FAC0800765481 /* s_libpdmidi.c */,
				46742B3C153FAC0800765481 /* x_libpdreceive.c */,
				46742B3D153FAC0800765481 /* x_libpdreceive.h */,
				46742B3E153FAC0800765481 /* z_libpd.c */,
				46742B3F153FAC0800765481 /* z_libpd.h */,
			);
			path = libpd_wrapper;
			sourceTree = "<group>";
		};
		46742B41153FAC0800765481 /* pure-data */ = {
			isa = PBXGroup;
			children = (
				46742B42153FAC0800765481 /* extra */,
				46742B5A153FAC0800765481 /* src */,
			);
			path = "pure-data";
			sourceTree = "<group>";
		};
		46742B42153FAC0800765481 /* extra */ = {
			isa = PBXGroup;
			children = (
				46742B43153FAC0800765481 /* choice */,
				46742B46153FAC0800765481 /* complex-mod~-help.pd */,
				46742B47153FAC0800765481 /* complex-mod~.pd */,
				46742B48153FAC0800765481 /* expr-help.pd */,
				46742B49153FAC0800765481 /* hilbert~-help.pd */,
				46742B4A153FAC0800765481 /* hilbert~.pd */,
				46742B4B153FAC0800765481 /* pique */,
				46742B4E153FAC0800765481 /* README.txt */,
				46742B4F153FAC0800765481 /* rev1-final.pd */,
				46742B50153FAC0800765481 /* rev1-stage.pd */,
				46742B51153FAC0800765481 /* rev1~-help.pd */,
				46742B52153FAC0800765481 /* rev1~.pd */,
				46742B53153FAC0800765481 /* rev2~-help.pd */,
				46742B54153FAC0800765481 /* rev2~.pd */,
				46742B55153FAC0800765481 /* rev3~-help.pd */,
				46742B56153FAC0800765481 /* rev3~.pd */,
				46742B57153FAC0800765481 /* stdout */,
			);
			path = extra;
			sourceTree = "<group>";
		};
		46742B43153FAC0800765481 /* choice */ = {
			isa = PBXGroup;
			children = (
				46742B44153FAC0800765481 /* choice-help.pd */,
				46742B45153FAC0800765481 /* choice.c */,
			);
			path = choice;
			sourceTree = "<group>";
		};
		46742B4B153FAC0800765481 /* pique */ = {
			isa = PBXGroup;
			children = (
				46742B4C153FAC0800765481 /* pique-help.pd */,
				46742B4D153FAC0800765481 /* pique.c */,
			);
			path = pique;
			sourceTree = "<group>";
		};
		46742B57153FAC0800765481 /* stdout */ = {
			isa = PBXGroup;
			children = (
				46742B58153FAC0800765481 /* stdout-help.pd */,
				46742B59153FAC0800765481 /* stdout.c */,
			);
			path = stdout;
			sourceTree = "<group>";
		};
		46742B5A153FAC0800765481 /* src */ = {
			isa = PBXGroup;
			children = (
				46742B5B153FAC0800765481 /* d_arithmetic.c */,
				46742B5C153FAC0800765481 /* d_array.c */,
				46742B5D153FAC0800765481 /* d_ctl.c */,
				46742B5E153FAC0800765481 /* d_dac.c */,
				46742B5F153FAC0800765481 /* d_delay.c */,
				46742B60153FAC0800765481 /* d_fft.c */,
				46742B61153FAC0800765481 /* d_fft_mayer.c */,
				46742B62153FAC0800765481 /* d_fftroutine.c */,
				46742B63153FAC0800765481 /* d_filter.c */,
				46742B64153FAC0800765481 /* d_global.c */,
				46742B65153FAC0800765481 /* d_math.c */,
				46742B66153FAC0800765481 /* d_misc.c */,
				46742B67153FAC0800765481 /* d_osc.c */,
				46742B68153FAC0800765481 /* d_resample.c */,
				46742B69153FAC0800765481 /* d_soundfile.c */,
				46742B6A153FAC0800765481 /* d_ugen.c */,
				46742B6B153FAC0800765481 /* g_all_guis.c */,
				46742B6C153FAC0800765481 /* g_all_guis.h */,
				46742B6D153FAC0800765481 /* g_array.c */,
				46742B6E153FAC0800765481 /* g_bang.c */,
				46742B6F153FAC0800765481 /* g_canvas.c */,
				46742B70153FAC0800765481 /* g_canvas.h */,
				46742B71153FAC0800765481 /* g_editor.c */,
				46742B72153FAC0800765481 /* g_graph.c */,
				46742B73153FAC0800765481 /* g_guiconnect.c */,
				46742B74153FAC0800765481 /* g_hdial.c */,
				46742B75153FAC0800765481 /* g_hslider.c */,
				46742B76153FAC0800765481 /* g_io.c */,
				46742B77153FAC0800765481 /* g_mycanvas.c */,
				46742B78153FAC0800765481 /* g_numbox.c */,
				46742B79153FAC0800765481 /* g_readwrite.c */,
				46742B7A153FAC0800765481 /* g_rtext.c */,
				46742B7B153FAC0800765481 /* g_scalar.c */,
				46742B7C153FAC0800765481 /* g_template.c */,
				46742B7D153FAC0800765481 /* g_text.c */,
				46742B7E153FAC0800765481 /* g_toggle.c */,
				46742B7F153FAC0800765481 /* g_traversal.c */,
				46742B80153FAC0800765481 /* g_vdial.c */,
				46742B81153FAC0800765481 /* g_vslider.c */,
				46742B82153FAC0800765481 /* g_vumeter.c */,
				46742B83153FAC0800765481 /* m_atom.c */,
				46742B84153FAC0800765481 /* m_binbuf.c */,
				46742B85153FAC0800765481 /* m_class.c */,
				46742B86153FAC0800765481 /* m_conf.c */,
				46742B87153FAC0800765481 /* m_fixed.h */,
				46742B88153FAC0800765481 /* m_glob.c */,
				46742B89153FAC0800765481 /* m_imp.h */,
				46742B8A153FAC0800765481 /* m_memory.c */,
				46742B8B153FAC0800765481 /* m_obj.c */,
				46742B8C153FAC0800765481 /* m_pd.c */,
				46742B8D153FAC0800765481 /* m_pd.h */,
				46742B8E153FAC0800765481 /* m_sched.c */,
				46742B8F153FAC0800765481 /* s_audio.c */,
				46742B90153FAC0800765481 /* s_audio_dummy.c */,
				46742B91153FAC0800765481 /* s_file.c */,
				46742B92153FAC0800765481 /* s_inter.c */,
				46742B93153FAC0800765481 /* s_loader.c */,
				46742B94153FAC0800765481 /* s_main.c */,
				46742B95153FAC0800765481 /* s_path.c */,
				46742B96153FAC0800765481 /* s_print.c */,
				46742B97153FAC0800765481 /* s_stuff.h */,
				46742B98153FAC0800765481 /* s_utf8.c */,
				46742B99153FAC0800765481 /* s_utf8.h */,
				46742B9A153FAC0800765481 /* x_acoustics.c */,
				46742B9B153FAC0800765481 /* x_arithmetic.c */,
				46742B9C153FAC0800765481 /* x_connective.c */,
				46742B9D153FAC0800765481 /* x_gui.c */,
				46742B9E153FAC0800765481 /* x_interface.c */,
				46742B9F153FAC0800765481 /* x_list.c */,
				46742BA0153FAC0800765481 /* x_midi.c */,
				46742BA1153FAC0800765481 /* x_misc.c */,
				46742BA2153FAC0800765481 /* x_net.c */,
				46742BA3153FAC0800765481 /* x_qlist.c */,
				46742BA4153FAC0800765481 /* x_time.c */,
			);
			path = src;
			sourceTree = "<group>";
		};
		BB16E9930F2B1E5900518274 /* libs */ = {
			isa = PBXGroup;
			children = (
				BBE5E94E0F497BD800F28951 /* core */,
			);
			name = libs;
			sourceTree = "<group>";
		};
		BB16F26B0F2B646B00518274 /* addons */ = {
			isa = PBXGroup;
			children = (
				46742B24153FAC0800765481 /* ofxPd */,
			);
			name = addons;
			sourceTree = "<group>";
		};
		BB24DD8B10DA77E000E9C588 /* data */ = {
			isa = PBXGroup;
			children = (
				BB24DD8C10DA77E000E9C588 /* Default.png */,
				BB24DD8D10DA77E000E9C588 /* Icon.png */,
			);
			name = data;
			path = bin/data;
			sourceTree = "<group>";
		};
		BB24E1F710DAA51900E9C588 /* openFrameworks */ = {
			isa = PBXGroup;
			children = (
				E41D40FD13B3A0D800A75A5D /* iPhone+OF Lib.xcodeproj */,
				32CA4F630368D1EE00C91783 /* iPhone_Prefix.pch */,
				BB24DDC910DA781C00E9C588 /* ofxiphone-Info.plist */,
				E41D3EE513B3906D00A75A5D /* CoreOF.xcconfig */,
				E41D3ED613B38FB500A75A5D /* Project.xcconfig */,
			);
			name = openFrameworks;
			sourceTree = "<group>";
		};
		BBE5E94E0F497BD800F28951 /* core */ = {
			isa = PBXGroup;
			children = (
				29B97323FDCFA39411CA2CEA /* core frameworks */,
			);
			name = core;
			sourceTree = "<group>";
		};
		E41D40FE13B3A0D800A75A5D /* Products */ = {
			isa = PBXGroup;
			children = (
				E41D410213B3A0D800A75A5D /* libofxiPhone_iphoneos_Debug.a */,
			);
			name = Products;
			sourceTree = "<group>";
		};
		E4D8936A11527B74007E1F53 /* src */ = {
			isa = PBXGroup;
			children = (
				E4D8936B11527B74007E1F53 /* main.mm */,
				E4D8936D11527B74007E1F53 /* testApp.mm */,
				E4D8936C11527B74007E1F53 /* testApp.h */,
				46742C0B153FAC6E00765481 /* AppCore.cpp */,
				46742C0C153FAC6E00765481 /* AppCore.h */,
			);
			path = src;
			sourceTree = SOURCE_ROOT;
		};
/* End PBXGroup section */

/* Begin PBXNativeTarget section */
		1D6058900D05DD3D006BFB54 /* iPadExample */ = {
			isa = PBXNativeTarget;
			buildConfigurationList = 1D6058960D05DD3E006BFB54 /* Build configuration list for PBXNativeTarget "iPadExample" */;
			buildPhases = (
				1D60588D0D05DD3D006BFB54 /* Resources */,
				1D60588E0D05DD3D006BFB54 /* Sources */,
				1D60588F0D05DD3D006BFB54 /* Frameworks */,
				9255DD331112741900D6945E /* ShellScript */,
			);
			buildRules = (
			);
			dependencies = (
				E41D410413B3A11300A75A5D /* PBXTargetDependency */,
			);
			name = iPadExample;
			productName = iPad;
			productReference = 1D6058910D05DD3D006BFB54 /* iPadExample.app */;
			productType = "com.apple.product-type.application";
		};
/* End PBXNativeTarget section */

/* Begin PBXProject section */
		29B97313FDCFA39411CA2CEA /* Project object */ = {
			isa = PBXProject;
			buildConfigurationList = C01FCF4E08A954540054247B /* Build configuration list for PBXProject "iPadExample" */;
			compatibilityVersion = "Xcode 3.2";
			developmentRegion = English;
			hasScannedForEncodings = 1;
			knownRegions = (
				English,
				Japanese,
				French,
				German,
			);
			mainGroup = 29B97314FDCFA39411CA2CEA /* CustomTemplate */;
			projectDirPath = "";
			projectReferences = (
				{
					ProductGroup = E41D40FE13B3A0D800A75A5D /* Products */;
					ProjectRef = E41D40FD13B3A0D800A75A5D /* iPhone+OF Lib.xcodeproj */;
				},
			);
			projectRoot = "";
			targets = (
				1D6058900D05DD3D006BFB54 /* iPadExample */,
			);
		};
/* End PBXProject section */

/* Begin PBXReferenceProxy section */
		E41D410213B3A0D800A75A5D /* libofxiPhone_iphoneos_Debug.a */ = {
			isa = PBXReferenceProxy;
			fileType = archive.ar;
			path = libofxiPhone_iphoneos_Debug.a;
			remoteRef = E41D410113B3A0D800A75A5D /* PBXContainerItemProxy */;
			sourceTree = BUILT_PRODUCTS_DIR;
		};
/* End PBXReferenceProxy section */

/* Begin PBXResourcesBuildPhase section */
		1D60588D0D05DD3D006BFB54 /* Resources */ = {
			isa = PBXResourcesBuildPhase;
			buildActionMask = 2147483647;
			files = (
				BB24DD8F10DA77E000E9C588 /* Default.png in Resources */,
				BB24DD9010DA77E000E9C588 /* Icon.png in Resources */,
				BB24DDCA10DA781C00E9C588 /* ofxiphone-Info.plist in Resources */,
				E41D3ED713B38FB500A75A5D /* Project.xcconfig in Resources */,
				E41D3EE613B3906D00A75A5D /* CoreOF.xcconfig in Resources */,
				46742BA5153FAC0800765481 /* .gitignore in Resources */,
				46742BA6153FAC0800765481 /* CHANGELOG in Resources */,
				46742BA7153FAC0800765481 /* interface_sketch.txt in Resources */,
				46742BA8153FAC0800765481 /* install.xml in Resources */,
				46742BA9153FAC0800765481 /* LICENSE.txt in Resources */,
				46742BAA153FAC0800765481 /* README.markdown in Resources */,
				46742BAB153FAC0800765481 /* update_libpd.sh in Resources */,
				46742BAD153FAC0800765481 /* LICENSE.txt in Resources */,
				46742BB3153FAC0800765481 /* LICENSE.txt in Resources */,
				46742BB4153FAC0800765481 /* choice-help.pd in Resources */,
				46742BB6153FAC0800765481 /* complex-mod~-help.pd in Resources */,
				46742BB7153FAC0800765481 /* complex-mod~.pd in Resources */,
				46742BB8153FAC0800765481 /* expr-help.pd in Resources */,
				46742BB9153FAC0800765481 /* hilbert~-help.pd in Resources */,
				46742BBA153FAC0800765481 /* hilbert~.pd in Resources */,
				46742BBB153FAC0800765481 /* pique-help.pd in Resources */,
				46742BBD153FAC0800765481 /* README.txt in Resources */,
				46742BBE153FAC0800765481 /* rev1-final.pd in Resources */,
				46742BBF153FAC0800765481 /* rev1-stage.pd in Resources */,
				46742BC0153FAC0800765481 /* rev1~-help.pd in Resources */,
				46742BC1153FAC0800765481 /* rev1~.pd in Resources */,
				46742BC2153FAC0800765481 /* rev2~-help.pd in Resources */,
				46742BC3153FAC0800765481 /* rev2~.pd in Resources */,
				46742BC4153FAC0800765481 /* rev3~-help.pd in Resources */,
				46742BC5153FAC0800765481 /* rev3~.pd in Resources */,
				46742BC6153FAC0800765481 /* stdout-help.pd in Resources */,
			);
			runOnlyForDeploymentPostprocessing = 0;
		};
/* End PBXResourcesBuildPhase section */

/* Begin PBXShellScriptBuildPhase section */
		9255DD331112741900D6945E /* ShellScript */ = {
			isa = PBXShellScriptBuildPhase;
			buildActionMask = 2147483647;
			files = (
			);
			inputPaths = (
			);
			outputPaths = (
			);
			runOnlyForDeploymentPostprocessing = 0;
			shellPath = /bin/sh;
			shellScript = "cp -rf bin/data/ \"$TARGET_BUILD_DIR/$PRODUCT_NAME.app\"";
		};
/* End PBXShellScriptBuildPhase section */

/* Begin PBXSourcesBuildPhase section */
		1D60588E0D05DD3D006BFB54 /* Sources */ = {
			isa = PBXSourcesBuildPhase;
			buildActionMask = 2147483647;
			files = (
				E4D8936E11527B74007E1F53 /* main.mm in Sources */,
				E4D8936F11527B74007E1F53 /* testApp.mm in Sources */,
				46742BAC153FAC0800765481 /* ofxPd.cpp in Sources */,
				46742BAE153FAC0800765481 /* PdBase.cpp in Sources */,
				46742BAF153FAC0800765481 /* PdTypes.cpp in Sources */,
				46742BB0153FAC0800765481 /* s_libpdmidi.c in Sources */,
				46742BB1153FAC0800765481 /* x_libpdreceive.c in Sources */,
				46742BB2153FAC0800765481 /* z_libpd.c in Sources */,
				46742BB5153FAC0800765481 /* choice.c in Sources */,
				46742BBC153FAC0800765481 /* pique.c in Sources */,
				46742BC7153FAC0800765481 /* stdout.c in Sources */,
				46742BC8153FAC0800765481 /* d_arithmetic.c in Sources */,
				46742BC9153FAC0800765481 /* d_array.c in Sources */,
				46742BCA153FAC0800765481 /* d_ctl.c in Sources */,
				46742BCB153FAC0800765481 /* d_dac.c in Sources */,
				46742BCC153FAC0800765481 /* d_delay.c in Sources */,
				46742BCD153FAC0800765481 /* d_fft.c in Sources */,
				46742BCE153FAC0800765481 /* d_fft_mayer.c in Sources */,
				46742BCF153FAC0800765481 /* d_fftroutine.c in Sources */,
				46742BD0153FAC0800765481 /* d_filter.c in Sources */,
				46742BD1153FAC0800765481 /* d_global.c in Sources */,
				46742BD2153FAC0800765481 /* d_math.c in Sources */,
				46742BD3153FAC0800765481 /* d_misc.c in Sources */,
				46742BD4153FAC0800765481 /* d_osc.c in Sources */,
				46742BD5153FAC0800765481 /* d_resample.c in Sources */,
				46742BD6153FAC0800765481 /* d_soundfile.c in Sources */,
				46742BD7153FAC0800765481 /* d_ugen.c in Sources */,
				46742BD8153FAC0800765481 /* g_all_guis.c in Sources */,
				46742BD9153FAC0800765481 /* g_array.c in Sources */,
				46742BDA153FAC0800765481 /* g_bang.c in Sources */,
				46742BDB153FAC0800765481 /* g_canvas.c in Sources */,
				46742BDC153FAC0800765481 /* g_editor.c in Sources */,
				46742BDD153FAC0800765481 /* g_graph.c in Sources */,
				46742BDE153FAC0800765481 /* g_guiconnect.c in Sources */,
				46742BDF153FAC0800765481 /* g_hdial.c in Sources */,
				46742BE0153FAC0800765481 /* g_hslider.c in Sources */,
				46742BE1153FAC0800765481 /* g_io.c in Sources */,
				46742BE2153FAC0800765481 /* g_mycanvas.c in Sources */,
				46742BE3153FAC0800765481 /* g_numbox.c in Sources */,
				46742BE4153FAC0800765481 /* g_readwrite.c in Sources */,
				46742BE5153FAC0800765481 /* g_rtext.c in Sources */,
				46742BE6153FAC0800765481 /* g_scalar.c in Sources */,
				46742BE7153FAC0800765481 /* g_template.c in Sources */,
				46742BE8153FAC0800765481 /* g_text.c in Sources */,
				46742BE9153FAC0800765481 /* g_toggle.c in Sources */,
				46742BEA153FAC0800765481 /* g_traversal.c in Sources */,
				46742BEB153FAC0800765481 /* g_vdial.c in Sources */,
				46742BEC153FAC0800765481 /* g_vslider.c in Sources */,
				46742BED153FAC0800765481 /* g_vumeter.c in Sources */,
				46742BEE153FAC0800765481 /* m_atom.c in Sources */,
				46742BEF153FAC0800765481 /* m_binbuf.c in Sources */,
				46742BF0153FAC0800765481 /* m_class.c in Sources */,
				46742BF1153FAC0800765481 /* m_conf.c in Sources */,
				46742BF2153FAC0800765481 /* m_glob.c in Sources */,
				46742BF3153FAC0800765481 /* m_memory.c in Sources */,
				46742BF4153FAC0800765481 /* m_obj.c in Sources */,
				46742BF5153FAC0800765481 /* m_pd.c in Sources */,
				46742BF6153FAC0800765481 /* m_sched.c in Sources */,
				46742BF7153FAC0800765481 /* s_audio.c in Sources */,
				46742BF8153FAC0800765481 /* s_audio_dummy.c in Sources */,
				46742BF9153FAC0800765481 /* s_file.c in Sources */,
				46742BFA153FAC0800765481 /* s_inter.c in Sources */,
				46742BFB153FAC0800765481 /* s_loader.c in Sources */,
				46742BFC153FAC0800765481 /* s_main.c in Sources */,
				46742BFD153FAC0800765481 /* s_path.c in Sources */,
				46742BFE153FAC0800765481 /* s_print.c in Sources */,
				46742BFF153FAC0800765481 /* s_utf8.c in Sources */,
				46742C00153FAC0800765481 /* x_acoustics.c in Sources */,
				46742C01153FAC0800765481 /* x_arithmetic.c in Sources */,
				46742C02153FAC0800765481 /* x_connective.c in Sources */,
				46742C03153FAC0800765481 /* x_gui.c in Sources */,
				46742C04153FAC0800765481 /* x_interface.c in Sources */,
				46742C05153FAC0800765481 /* x_list.c in Sources */,
				46742C06153FAC0800765481 /* x_midi.c in Sources */,
				46742C07153FAC0800765481 /* x_misc.c in Sources */,
				46742C08153FAC0800765481 /* x_net.c in Sources */,
				46742C09153FAC0800765481 /* x_qlist.c in Sources */,
				46742C0A153FAC0800765481 /* x_time.c in Sources */,
				46742C0D153FAC6E00765481 /* AppCore.cpp in Sources */,
			);
			runOnlyForDeploymentPostprocessing = 0;
		};
/* End PBXSourcesBuildPhase section */

/* Begin PBXTargetDependency section */
		E41D410413B3A11300A75A5D /* PBXTargetDependency */ = {
			isa = PBXTargetDependency;
			name = "iPhone+OF Static Library";
			targetProxy = E41D410313B3A11300A75A5D /* PBXContainerItemProxy */;
		};
/* End PBXTargetDependency section */

/* Begin XCBuildConfiguration section */
		1D6058940D05DD3E006BFB54 /* Debug */ = {
			isa = XCBuildConfiguration;
			buildSettings = {
				ALWAYS_SEARCH_USER_PATHS = NO;
				GCC_PRECOMPILE_PREFIX_HEADER = YES;
				GCC_PREFIX_HEADER = iPhone_Prefix.pch;
				INFOPLIST_FILE = "ofxiphone-Info.plist";
				PRODUCT_NAME = "${TARGET_NAME}";
			};
			name = Debug;
		};
		1D6058950D05DD3E006BFB54 /* Release */ = {
			isa = XCBuildConfiguration;
			buildSettings = {
				GCC_PRECOMPILE_PREFIX_HEADER = YES;
				GCC_PREFIX_HEADER = iPhone_Prefix.pch;
				INFOPLIST_FILE = "ofxiphone-Info.plist";
				PRODUCT_NAME = "${TARGET_NAME}";
			};
			name = Release;
		};
		C01FCF4F08A954540054247B /* Debug */ = {
			isa = XCBuildConfiguration;
			baseConfigurationReference = E41D3ED613B38FB500A75A5D /* Project.xcconfig */;
			buildSettings = {
				ALWAYS_SEARCH_USER_PATHS = YES;
				ARCHS = "$(ARCHS_STANDARD_32_BIT)";
				CODE_SIGN_IDENTITY = "";
				"CODE_SIGN_IDENTITY[sdk=iphoneos*]" = "iPhone Developer";
				COMPRESS_PNG_FILES = NO;
				GCC_C_LANGUAGE_STANDARD = c99;
				GCC_OPTIMIZATION_LEVEL = 0;
				GCC_SYMBOLS_PRIVATE_EXTERN = NO;
				GCC_WARN_ABOUT_DEPRECATED_FUNCTIONS = NO;
				GCC_WARN_ABOUT_INVALID_OFFSETOF_MACRO = NO;
				GCC_WARN_ABOUT_POINTER_SIGNEDNESS = NO;
				GCC_WARN_ABOUT_RETURN_TYPE = YES;
				GCC_WARN_ALLOW_INCOMPLETE_PROTOCOL = NO;
				GCC_WARN_PROTOTYPE_CONVERSION = NO;
				GCC_WARN_UNUSED_VARIABLE = YES;
				IPHONEOS_DEPLOYMENT_TARGET = 3.2;
				ONLY_ACTIVE_ARCH = NO;
				PREBINDING = NO;
				"PROVISIONING_PROFILE[sdk=iphoneos*]" = "";
				SDKROOT = iphoneos;
				TARGETED_DEVICE_FAMILY = 2;
				WARNING_LDFLAGS = "-no_arch_warnings";
			};
			name = Debug;
		};
		C01FCF5008A954540054247B /* Release */ = {
			isa = XCBuildConfiguration;
			baseConfigurationReference = E41D3ED613B38FB500A75A5D /* Project.xcconfig */;
			buildSettings = {
				ALWAYS_SEARCH_USER_PATHS = YES;
				ARCHS = "$(ARCHS_STANDARD_32_BIT)";
				CODE_SIGN_IDENTITY = "";
				"CODE_SIGN_IDENTITY[sdk=iphoneos*]" = "iPhone Developer";
				COMPRESS_PNG_FILES = NO;
				GCC_C_LANGUAGE_STANDARD = c99;
				GCC_DYNAMIC_NO_PIC = YES;
				GCC_GENERATE_DEBUGGING_SYMBOLS = NO;
				GCC_OPTIMIZATION_LEVEL = 3;
				GCC_SYMBOLS_PRIVATE_EXTERN = NO;
				GCC_THUMB_SUPPORT = NO;
				GCC_WARN_ABOUT_RETURN_TYPE = YES;
				GCC_WARN_UNUSED_VARIABLE = YES;
				IPHONEOS_DEPLOYMENT_TARGET = 3.2;
				ONLY_ACTIVE_ARCH = NO;
				PREBINDING = NO;
				SDKROOT = iphoneos;
				TARGETED_DEVICE_FAMILY = 2;
				WARNING_LDFLAGS = "-no_arch_warnings";
			};
			name = Release;
		};
/* End XCBuildConfiguration section */

/* Begin XCConfigurationList section */
		1D6058960D05DD3E006BFB54 /* Build configuration list for PBXNativeTarget "iPadExample" */ = {
			isa = XCConfigurationList;
			buildConfigurations = (
				1D6058940D05DD3E006BFB54 /* Debug */,
				1D6058950D05DD3E006BFB54 /* Release */,
			);
			defaultConfigurationIsVisible = 0;
			defaultConfigurationName = Release;
		};
		C01FCF4E08A954540054247B /* Build configuration list for PBXProject "iPadExample" */ = {
			isa = XCConfigurationList;
			buildConfigurations = (
				C01FCF4F08A954540054247B /* Debug */,
				C01FCF5008A954540054247B /* Release */,
			);
			defaultConfigurationIsVisible = 0;
			defaultConfigurationName = Release;
		};
/* End XCConfigurationList section */
	};
	rootObject = 29B97313FDCFA39411CA2CEA /* Project object */;
}
